{
  "name": "TabMaker",
  "version": "1.0.0",
  "lockfileVersion": 2,
  "requires": true,
  "packages": {
    "": {
      "name": "TabMaker",
      "version": "1.0.0",
      "dependencies": {
        "@moonwave99/fretboard.js": "^0.2.13",
        "tonal": "^4.6.10",
        "tone": "^14.7.77",
        "vexflow": "^4.0.3"
      }
    },
    "node_modules/@babel/runtime": {
      "version": "7.20.6",
      "resolved": "https://registry.npmjs.org/@babel/runtime/-/runtime-7.20.6.tgz",
      "integrity": "sha512-Q+8MqP7TiHMWzSfwiJwXCjyf4GYA4Dgw3emg/7xmwsdLJOZUp+nMqcOwOzzYheuM1rhDu8FSj2l0aoMygEuXuA==",
      "dependencies": {
        "regenerator-runtime": "^0.13.11"
      },
      "engines": {
        "node": ">=6.9.0"
      }
    },
    "node_modules/@moonwave99/fretboard.js": {
      "version": "0.2.13",
      "resolved": "https://registry.npmjs.org/@moonwave99/fretboard.js/-/fretboard.js-0.2.13.tgz",
      "integrity": "sha512-ON/PklMVbD3fXa8CXvdw4FS+2yJ50SD9GglhC4r2bhRLeglKU+ofcGrZXCVLhnAAYoXyVYDU9Ib1rYRIv+nkzQ==",
      "dependencies": {
        "@tonaljs/interval": "^4.5.1",
        "@tonaljs/mode": "^4.5.1",
        "@tonaljs/note": "^4.6.0",
        "@tonaljs/scale": "^4.6.0",
        "change-case": "^4.1.2",
        "d3-selection": "^1.4.1",
        "throttle-debounce": "^2.2.1"
      }
    },
    "node_modules/@tonaljs/abc-notation": {
      "version": "4.6.10",
      "resolved": "https://registry.npmjs.org/@tonaljs/abc-notation/-/abc-notation-4.6.10.tgz",
      "integrity": "sha512-V1SigYdxOdNDPF69rftmdg54LxaM+Zv2Fn5iTpu4036EfaU9b3E1dDkm/WVyNK+9ey7yza1Mn5fiQPyOt6xpzA==",
      "dependencies": {
        "@tonaljs/core": "^4.6.10"
      }
    },
    "node_modules/@tonaljs/array": {
      "version": "4.6.10",
      "resolved": "https://registry.npmjs.org/@tonaljs/array/-/array-4.6.10.tgz",
      "integrity": "sha512-EIlQfVCjRpnr0nB42tHLi3+l7ognj53VOqin0c1VGiijwcC/YfgWRwPuGyXwmEl3dSODAkJ8XvtVVnLCj1fADg==",
      "dependencies": {
        "@tonaljs/core": "^4.6.10"
      }
    },
    "node_modules/@tonaljs/chord": {
      "version": "4.6.10",
      "resolved": "https://registry.npmjs.org/@tonaljs/chord/-/chord-4.6.10.tgz",
      "integrity": "sha512-Ryov9MmFzLcqLpyytV+6d18Mrd9LCUPYh6usvVH0ivkhctRb/UlwTFTwo5tN5IgQrLUphbAmhGx7vSS7z3Lw+Q==",
      "dependencies": {
        "@tonaljs/chord-detect": "^4.6.10",
        "@tonaljs/chord-type": "^4.6.10",
        "@tonaljs/collection": "^4.6.10",
        "@tonaljs/core": "^4.6.10",
        "@tonaljs/pcset": "^4.6.10",
        "@tonaljs/scale-type": "^4.6.10"
      }
    },
    "node_modules/@tonaljs/chord-detect": {
      "version": "4.6.10",
      "resolved": "https://registry.npmjs.org/@tonaljs/chord-detect/-/chord-detect-4.6.10.tgz",
      "integrity": "sha512-uspUZ0oMEJbMIUEitIpGv/8ZguiMwVsdpcRMIbqXEOTYP1Ve/7U9IdS3gD1xwkdZRnRU/e+vezmAbzEpFs3pYA==",
      "dependencies": {
        "@tonaljs/chord-type": "^4.6.10",
        "@tonaljs/core": "^4.6.10",
        "@tonaljs/pcset": "^4.6.10"
      }
    },
    "node_modules/@tonaljs/chord-type": {
      "version": "4.6.10",
      "resolved": "https://registry.npmjs.org/@tonaljs/chord-type/-/chord-type-4.6.10.tgz",
      "integrity": "sha512-WOs+YOF120WATg8KdJ6tol5B72TuYL9nAQ2IKCjzZro8p/urRZ3QBdAPcTlbALVdHEU5ec4ptrq57q8X/YBQgw==",
      "dependencies": {
        "@tonaljs/core": "^4.6.10",
        "@tonaljs/pcset": "^4.6.10"
      }
    },
    "node_modules/@tonaljs/collection": {
      "version": "4.6.10",
      "resolved": "https://registry.npmjs.org/@tonaljs/collection/-/collection-4.6.10.tgz",
      "integrity": "sha512-i19j92RjyuTnC6FSYo4TF7JJQjhZ0KJSvEmwxwKOxgw8/+DNiwMf301zGzBJKUYoEc8vNsk3vCEHmxAh4qEPnQ=="
    },
    "node_modules/@tonaljs/core": {
      "version": "4.6.10",
      "resolved": "https://registry.npmjs.org/@tonaljs/core/-/core-4.6.10.tgz",
      "integrity": "sha512-PV8VXflQM1isS1517VvRUbxEbJoQ5ZLSS5pQLX4L+ffSzXaRBEBLaJgEa/lUyzEYrwiIjVFp4vpaMYWdxY+27Q=="
    },
    "node_modules/@tonaljs/duration-value": {
      "version": "4.6.10",
      "resolved": "https://registry.npmjs.org/@tonaljs/duration-value/-/duration-value-4.6.10.tgz",
      "integrity": "sha512-GjapTxTJoBYRkUtx1M43+HGsSO3FirNyZQzqKSohtSPfyleZz7OyyiK6eaV5c1eEyGXGdfokKEd2bXhjt3j/KQ=="
    },
    "node_modules/@tonaljs/interval": {
      "version": "4.6.10",
      "resolved": "https://registry.npmjs.org/@tonaljs/interval/-/interval-4.6.10.tgz",
      "integrity": "sha512-QZfebbgdNHxjeL5BzzMqDVTYT2gDRWv9VySlaaRNTOv9PbI4RBxjsLJiwr3o97u5ind4QYyjkDdz4Ur0XyO0eQ==",
      "dependencies": {
        "@tonaljs/core": "^4.6.10"
      }
    },
    "node_modules/@tonaljs/key": {
      "version": "4.6.10",
      "resolved": "https://registry.npmjs.org/@tonaljs/key/-/key-4.6.10.tgz",
      "integrity": "sha512-M1iFdu1dyvzqOEbqACp23TKyaT44G+84VnHBzhsLBe06vGTeoOFg0/+RUFoQCSnkHkv/KI3CjEkkbTzdP8q3DQ==",
      "dependencies": {
        "@tonaljs/core": "^4.6.10",
        "@tonaljs/note": "^4.6.10",
        "@tonaljs/roman-numeral": "^4.6.10"
      }
    },
    "node_modules/@tonaljs/midi": {
      "version": "4.6.10",
      "resolved": "https://registry.npmjs.org/@tonaljs/midi/-/midi-4.6.10.tgz",
      "integrity": "sha512-qTlQebVYqq5jGMNVU75+ZA0TNxZ1t9fvLXHuQAASyBFVSQNYi+FOs63pEBFSonpmmHNdTzIcCwoLRpUKhHaKXw==",
      "dependencies": {
        "@tonaljs/core": "^4.6.10"
      }
    },
    "node_modules/@tonaljs/mode": {
      "version": "4.6.10",
      "resolved": "https://registry.npmjs.org/@tonaljs/mode/-/mode-4.6.10.tgz",
      "integrity": "sha512-6gaOdg3DFQ9+tdMa+N5QG2y6FdGv0tZEekkV70lj3FvgRrCHvCh+BQ5/HGv57Bo6i4SGmlYbgBK4lKcda2rZsA==",
      "dependencies": {
        "@tonaljs/collection": "^4.6.10",
        "@tonaljs/core": "^4.6.10",
        "@tonaljs/interval": "^4.6.10",
        "@tonaljs/pcset": "^4.6.10",
        "@tonaljs/scale-type": "^4.6.10"
      }
    },
    "node_modules/@tonaljs/note": {
      "version": "4.6.10",
      "resolved": "https://registry.npmjs.org/@tonaljs/note/-/note-4.6.10.tgz",
      "integrity": "sha512-1cOxpGAYQwsZlONFj86BP75NWJuXvgKANwf9am7tN8DnbIvXaRQfkoOorD9b14CgO2pfQUZBp7f5pMnByy/9SA==",
      "dependencies": {
        "@tonaljs/core": "^4.6.10",
        "@tonaljs/midi": "^4.6.10"
      }
    },
    "node_modules/@tonaljs/pcset": {
      "version": "4.6.10",
      "resolved": "https://registry.npmjs.org/@tonaljs/pcset/-/pcset-4.6.10.tgz",
      "integrity": "sha512-9RkA/6iEo5+C4nof8Z6hC6flqOLPRDiFZ0+X6YL3ug5kFPTX1QXVSmAwFtaUSRzaKbGUKofS0BncK6mbnqzDdA==",
      "dependencies": {
        "@tonaljs/collection": "^4.6.10",
        "@tonaljs/core": "^4.6.10"
      }
    },
    "node_modules/@tonaljs/progression": {
      "version": "4.6.10",
      "resolved": "https://registry.npmjs.org/@tonaljs/progression/-/progression-4.6.10.tgz",
      "integrity": "sha512-W8ws0I1ETPNm7djI4V1vy9E3yFRvhRxBDPuXK8C5+TsMWPtwfY03owzT4yc4rPj4eBuVQRqiA614DEn46bQG4Q==",
      "dependencies": {
        "@tonaljs/chord": "^4.6.10",
        "@tonaljs/core": "^4.6.10",
        "@tonaljs/roman-numeral": "^4.6.10"
      }
    },
    "node_modules/@tonaljs/range": {
      "version": "4.6.10",
      "resolved": "https://registry.npmjs.org/@tonaljs/range/-/range-4.6.10.tgz",
      "integrity": "sha512-I3KO/RaGv+s4zC/i4SVwmWYWZUzaOOgiWXzPJtmJDqCiDTsYSUzBn52cWXBL02/83vhBihc4pgHMHkOc8/SwmA==",
      "dependencies": {
        "@tonaljs/collection": "^4.6.10",
        "@tonaljs/midi": "^4.6.10"
      }
    },
    "node_modules/@tonaljs/roman-numeral": {
      "version": "4.6.10",
      "resolved": "https://registry.npmjs.org/@tonaljs/roman-numeral/-/roman-numeral-4.6.10.tgz",
      "integrity": "sha512-EASBrYCAw9HTsC69SVxSNqLShzdl2rincQHO3N46GsKB2/Wa8h5Ya5ToqOSkpJyqcr7UJAB5VyMFxEcdsD3rLQ==",
      "dependencies": {
        "@tonaljs/core": "^4.6.10"
      }
    },
    "node_modules/@tonaljs/scale": {
      "version": "4.6.10",
      "resolved": "https://registry.npmjs.org/@tonaljs/scale/-/scale-4.6.10.tgz",
      "integrity": "sha512-s/iHRBSFBa1fSWfnBy9uWaX94o1Y0SdAmEV4nWmjyvIT7J7I3TfQQHFJLq/Bz1mUR7T5faB1MqeGd299xd0Sfw==",
      "dependencies": {
        "@tonaljs/chord-type": "^4.6.10",
        "@tonaljs/collection": "^4.6.10",
        "@tonaljs/core": "^4.6.10",
        "@tonaljs/note": "^4.6.10",
        "@tonaljs/pcset": "^4.6.10",
        "@tonaljs/scale-type": "^4.6.10"
      }
    },
    "node_modules/@tonaljs/scale-type": {
      "version": "4.6.10",
      "resolved": "https://registry.npmjs.org/@tonaljs/scale-type/-/scale-type-4.6.10.tgz",
      "integrity": "sha512-MBxY4Ix8pUZ46tAn2A7yM2k0Kw/zNlNNKw49ViETZx1HEH2SAN5h2/NuIGfgoR9kdoa9FjTw899oQu6qImfIoA==",
      "dependencies": {
        "@tonaljs/core": "^4.6.10",
        "@tonaljs/pcset": "^4.6.10"
      }
    },
    "node_modules/@tonaljs/time-signature": {
      "version": "4.6.10",
      "resolved": "https://registry.npmjs.org/@tonaljs/time-signature/-/time-signature-4.6.10.tgz",
      "integrity": "sha512-QDfoW5jKZzGetuM46QfLHXchVSy2SVkrYf46V++yPSY4Af+l5Q/yX24B5B/g9qO3q2ocPlKGMK7wa6aGGGT9yA=="
    },
    "node_modules/automation-events": {
      "version": "4.0.24",
      "resolved": "https://registry.npmjs.org/automation-events/-/automation-events-4.0.24.tgz",
      "integrity": "sha512-v/c//VCE1TGU3R56cyTFnebXFR3NOOx5Kiuaz7TXwLGpYMp9VgKCwelODRW3ZZ5TP2OFymfrWsvNVuPSi6vVPQ==",
      "dependencies": {
        "@babel/runtime": "^7.20.1",
        "tslib": "^2.4.1"
      },
      "engines": {
        "node": ">=12.20.1"
      }
    },
    "node_modules/camel-case": {
      "version": "4.1.2",
      "resolved": "https://registry.npmjs.org/camel-case/-/camel-case-4.1.2.tgz",
      "integrity": "sha512-gxGWBrTT1JuMx6R+o5PTXMmUnhnVzLQ9SNutD4YqKtI6ap897t3tKECYla6gCWEkplXnlNybEkZg9GEGxKFCgw==",
      "dependencies": {
        "pascal-case": "^3.1.2",
        "tslib": "^2.0.3"
      }
    },
    "node_modules/capital-case": {
      "version": "1.0.4",
      "resolved": "https://registry.npmjs.org/capital-case/-/capital-case-1.0.4.tgz",
      "integrity": "sha512-ds37W8CytHgwnhGGTi88pcPyR15qoNkOpYwmMMfnWqqWgESapLqvDx6huFjQ5vqWSn2Z06173XNA7LtMOeUh1A==",
      "dependencies": {
        "no-case": "^3.0.4",
        "tslib": "^2.0.3",
        "upper-case-first": "^2.0.2"
      }
    },
    "node_modules/change-case": {
      "version": "4.1.2",
      "resolved": "https://registry.npmjs.org/change-case/-/change-case-4.1.2.tgz",
      "integrity": "sha512-bSxY2ws9OtviILG1EiY5K7NNxkqg/JnRnFxLtKQ96JaviiIxi7djMrSd0ECT9AC+lttClmYwKw53BWpOMblo7A==",
      "dependencies": {
        "camel-case": "^4.1.2",
        "capital-case": "^1.0.4",
        "constant-case": "^3.0.4",
        "dot-case": "^3.0.4",
        "header-case": "^2.0.4",
        "no-case": "^3.0.4",
        "param-case": "^3.0.4",
        "pascal-case": "^3.1.2",
        "path-case": "^3.0.4",
        "sentence-case": "^3.0.4",
        "snake-case": "^3.0.4",
        "tslib": "^2.0.3"
      }
    },
    "node_modules/constant-case": {
      "version": "3.0.4",
      "resolved": "https://registry.npmjs.org/constant-case/-/constant-case-3.0.4.tgz",
      "integrity": "sha512-I2hSBi7Vvs7BEuJDr5dDHfzb/Ruj3FyvFyh7KLilAjNQw3Be+xgqUBA2W6scVEcL0hL1dwPRtIqEPVUCKkSsyQ==",
      "dependencies": {
        "no-case": "^3.0.4",
        "tslib": "^2.0.3",
        "upper-case": "^2.0.2"
      }
    },
    "node_modules/d3-selection": {
      "version": "1.4.2",
      "resolved": "https://registry.npmjs.org/d3-selection/-/d3-selection-1.4.2.tgz",
      "integrity": "sha512-SJ0BqYihzOjDnnlfyeHT0e30k0K1+5sR3d5fNueCNeuhZTnGw4M4o8mqJchSwgKMXCNFo+e2VTChiSJ0vYtXkg=="
    },
    "node_modules/dot-case": {
      "version": "3.0.4",
      "resolved": "https://registry.npmjs.org/dot-case/-/dot-case-3.0.4.tgz",
      "integrity": "sha512-Kv5nKlh6yRrdrGvxeJ2e5y2eRUpkUosIW4A2AS38zwSz27zu7ufDwQPi5Jhs3XAlGNetl3bmnGhQsMtkKJnj3w==",
      "dependencies": {
        "no-case": "^3.0.4",
        "tslib": "^2.0.3"
      }
    },
    "node_modules/header-case": {
      "version": "2.0.4",
      "resolved": "https://registry.npmjs.org/header-case/-/header-case-2.0.4.tgz",
      "integrity": "sha512-H/vuk5TEEVZwrR0lp2zed9OCo1uAILMlx0JEMgC26rzyJJ3N1v6XkwHHXJQdR2doSjcGPM6OKPYoJgf0plJ11Q==",
      "dependencies": {
        "capital-case": "^1.0.4",
        "tslib": "^2.0.3"
      }
    },
    "node_modules/lower-case": {
      "version": "2.0.2",
      "resolved": "https://registry.npmjs.org/lower-case/-/lower-case-2.0.2.tgz",
      "integrity": "sha512-7fm3l3NAF9WfN6W3JOmf5drwpVqX78JtoGJ3A6W0a6ZnldM41w2fV5D490psKFTpMds8TJse/eHLFFsNHHjHgg==",
      "dependencies": {
        "tslib": "^2.0.3"
      }
    },
    "node_modules/no-case": {
      "version": "3.0.4",
      "resolved": "https://registry.npmjs.org/no-case/-/no-case-3.0.4.tgz",
      "integrity": "sha512-fgAN3jGAh+RoxUGZHTSOLJIqUc2wmoBwGR4tbpNAKmmovFoWq0OdRkb0VkldReO2a2iBT/OEulG9XSUc10r3zg==",
      "dependencies": {
        "lower-case": "^2.0.2",
        "tslib": "^2.0.3"
      }
    },
    "node_modules/param-case": {
      "version": "3.0.4",
      "resolved": "https://registry.npmjs.org/param-case/-/param-case-3.0.4.tgz",
      "integrity": "sha512-RXlj7zCYokReqWpOPH9oYivUzLYZ5vAPIfEmCTNViosC78F8F0H9y7T7gG2M39ymgutxF5gcFEsyZQSph9Bp3A==",
      "dependencies": {
        "dot-case": "^3.0.4",
        "tslib": "^2.0.3"
      }
    },
    "node_modules/pascal-case": {
      "version": "3.1.2",
      "resolved": "https://registry.npmjs.org/pascal-case/-/pascal-case-3.1.2.tgz",
      "integrity": "sha512-uWlGT3YSnK9x3BQJaOdcZwrnV6hPpd8jFH1/ucpiLRPh/2zCVJKS19E4GvYHvaCcACn3foXZ0cLB9Wrx1KGe5g==",
      "dependencies": {
        "no-case": "^3.0.4",
        "tslib": "^2.0.3"
      }
    },
    "node_modules/path-case": {
      "version": "3.0.4",
      "resolved": "https://registry.npmjs.org/path-case/-/path-case-3.0.4.tgz",
      "integrity": "sha512-qO4qCFjXqVTrcbPt/hQfhTQ+VhFsqNKOPtytgNKkKxSoEp3XPUQ8ObFuePylOIok5gjn69ry8XiULxCwot3Wfg==",
      "dependencies": {
        "dot-case": "^3.0.4",
        "tslib": "^2.0.3"
      }
    },
    "node_modules/regenerator-runtime": {
      "version": "0.13.11",
      "resolved": "https://registry.npmjs.org/regenerator-runtime/-/regenerator-runtime-0.13.11.tgz",
      "integrity": "sha512-kY1AZVr2Ra+t+piVaJ4gxaFaReZVH40AKNo7UCX6W+dEwBo/2oZJzqfuN1qLq1oL45o56cPaTXELwrTh8Fpggg=="
    },
    "node_modules/sentence-case": {
      "version": "3.0.4",
      "resolved": "https://registry.npmjs.org/sentence-case/-/sentence-case-3.0.4.tgz",
      "integrity": "sha512-8LS0JInaQMCRoQ7YUytAo/xUu5W2XnQxV2HI/6uM6U7CITS1RqPElr30V6uIqyMKM9lJGRVFy5/4CuzcixNYSg==",
      "dependencies": {
        "no-case": "^3.0.4",
        "tslib": "^2.0.3",
        "upper-case-first": "^2.0.2"
      }
    },
    "node_modules/snake-case": {
      "version": "3.0.4",
      "resolved": "https://registry.npmjs.org/snake-case/-/snake-case-3.0.4.tgz",
      "integrity": "sha512-LAOh4z89bGQvl9pFfNF8V146i7o7/CqFPbqzYgP+yYzDIDeS9HaNFtXABamRW+AQzEVODcvE79ljJ+8a9YSdMg==",
      "dependencies": {
        "dot-case": "^3.0.4",
        "tslib": "^2.0.3"
      }
    },
    "node_modules/standardized-audio-context": {
      "version": "25.3.35",
      "resolved": "https://registry.npmjs.org/standardized-audio-context/-/standardized-audio-context-25.3.35.tgz",
      "integrity": "sha512-61KBkor9fOsMEl3NZllnis8KDmTJzonuuW8h6JBmxXXcUDucypGCJp+hlbyKG+olav8wgA+VKlqFmiJEbh4CfA==",
      "dependencies": {
        "@babel/runtime": "^7.20.1",
        "automation-events": "^4.0.24",
        "tslib": "^2.4.1"
      }
    },
    "node_modules/throttle-debounce": {
      "version": "2.3.0",
      "resolved": "https://registry.npmjs.org/throttle-debounce/-/throttle-debounce-2.3.0.tgz",
      "integrity": "sha512-H7oLPV0P7+jgvrk+6mwwwBDmxTaxnu9HMXmloNLXwnNO0ZxZ31Orah2n8lU1eMPvsaowP2CX+USCgyovXfdOFQ==",
      "engines": {
        "node": ">=8"
      }
    },
    "node_modules/tonal": {
      "version": "4.6.10",
      "resolved": "https://registry.npmjs.org/tonal/-/tonal-4.6.10.tgz",
      "integrity": "sha512-gJvd8h5Av4bE/KYkEedjKzvmuiU/wJJUJ1O4x+0vi2ttAFsLyC6RCNR07XMFuETJudAxoCwXTsdFsN1L9uv8oQ==",
      "dependencies": {
        "@tonaljs/abc-notation": "^4.6.10",
        "@tonaljs/array": "^4.6.10",
        "@tonaljs/chord": "^4.6.10",
        "@tonaljs/chord-type": "^4.6.10",
        "@tonaljs/collection": "^4.6.10",
        "@tonaljs/core": "^4.6.10",
        "@tonaljs/duration-value": "^4.6.10",
        "@tonaljs/interval": "^4.6.10",
        "@tonaljs/key": "^4.6.10",
        "@tonaljs/midi": "^4.6.10",
        "@tonaljs/mode": "^4.6.10",
        "@tonaljs/note": "^4.6.10",
        "@tonaljs/pcset": "^4.6.10",
        "@tonaljs/progression": "^4.6.10",
        "@tonaljs/range": "^4.6.10",
        "@tonaljs/roman-numeral": "^4.6.10",
        "@tonaljs/scale": "^4.6.10",
        "@tonaljs/scale-type": "^4.6.10",
        "@tonaljs/time-signature": "^4.6.10"
      }
    },
    "node_modules/tone": {
      "version": "14.7.77",
      "resolved": "https://registry.npmjs.org/tone/-/tone-14.7.77.tgz",
      "integrity": "sha512-tCfK73IkLHyzoKUvGq47gyDyxiKLFvKiVCOobynGgBB9Dl0NkxTM2p+eRJXyCYrjJwy9Y0XCMqD3uOYsYt2Fdg==",
      "dependencies": {
        "standardized-audio-context": "^25.1.8",
        "tslib": "^2.0.1"
      }
    },
    "node_modules/tslib": {
      "version": "2.4.1",
      "resolved": "https://registry.npmjs.org/tslib/-/tslib-2.4.1.tgz",
      "integrity": "sha512-tGyy4dAjRIEwI7BzsB0lynWgOpfqjUdq91XXAlIWD2OwKBH7oCl/GZG/HT4BOHrTlPMOASlMQ7veyTqpmRcrNA=="
    },
    "node_modules/upper-case": {
      "version": "2.0.2",
      "resolved": "https://registry.npmjs.org/upper-case/-/upper-case-2.0.2.tgz",
      "integrity": "sha512-KgdgDGJt2TpuwBUIjgG6lzw2GWFRCW9Qkfkiv0DxqHHLYJHmtmdUIKcZd8rHgFSjopVTlw6ggzCm1b8MFQwikg==",
      "dependencies": {
        "tslib": "^2.0.3"
      }
    },
    "node_modules/upper-case-first": {
      "version": "2.0.2",
      "resolved": "https://registry.npmjs.org/upper-case-first/-/upper-case-first-2.0.2.tgz",
      "integrity": "sha512-514ppYHBaKwfJRK/pNC6c/OxfGa0obSnAl106u97Ed0I625Nin96KAjttZF6ZL3e1XLtphxnqrOi9iWgm+u+bg==",
      "dependencies": {
        "tslib": "^2.0.3"
      }
    },
    "node_modules/vexflow": {
      "version": "4.0.3",
      "resolved": "https://registry.npmjs.org/vexflow/-/vexflow-4.0.3.tgz",
      "integrity": "sha512-0gucH04apVISxY86gnjKwzV8IMr7ndYsBmYCOPioCr0m38NfS4rQt7yrGQQtl1jB7JAiaOCjN0lKMUflFeMIXA=="
    }
  },
  "dependencies": {
    "@babel/runtime": {
      "version": "7.20.6",
      "resolved": "https://registry.npmjs.org/@babel/runtime/-/runtime-7.20.6.tgz",
      "integrity": "sha512-Q+8MqP7TiHMWzSfwiJwXCjyf4GYA4Dgw3emg/7xmwsdLJOZUp+nMqcOwOzzYheuM1rhDu8FSj2l0aoMygEuXuA==",
      "requires": {
        "regenerator-runtime": "^0.13.11"
      }
    },
    "@moonwave99/fretboard.js": {
      "version": "0.2.13",
      "resolved": "https://registry.npmjs.org/@moonwave99/fretboard.js/-/fretboard.js-0.2.13.tgz",
      "integrity": "sha512-ON/PklMVbD3fXa8CXvdw4FS+2yJ50SD9GglhC4r2bhRLeglKU+ofcGrZXCVLhnAAYoXyVYDU9Ib1rYRIv+nkzQ==",
      "requires": {
        "@tonaljs/interval": "^4.5.1",
        "@tonaljs/mode": "^4.5.1",
        "@tonaljs/note": "^4.6.0",
        "@tonaljs/scale": "^4.6.0",
        "change-case": "^4.1.2",
        "d3-selection": "^1.4.1",
        "throttle-debounce": "^2.2.1"
      }
    },
    "@tonaljs/abc-notation": {
      "version": "4.6.10",
      "resolved": "https://registry.npmjs.org/@tonaljs/abc-notation/-/abc-notation-4.6.10.tgz",
      "integrity": "sha512-V1SigYdxOdNDPF69rftmdg54LxaM+Zv2Fn5iTpu4036EfaU9b3E1dDkm/WVyNK+9ey7yza1Mn5fiQPyOt6xpzA==",
      "requires": {
        "@tonaljs/core": "^4.6.10"
      }
    },
    "@tonaljs/array": {
      "version": "4.6.10",
      "resolved": "https://registry.npmjs.org/@tonaljs/array/-/array-4.6.10.tgz",
      "integrity": "sha512-EIlQfVCjRpnr0nB42tHLi3+l7ognj53VOqin0c1VGiijwcC/YfgWRwPuGyXwmEl3dSODAkJ8XvtVVnLCj1fADg==",
      "requires": {
        "@tonaljs/core": "^4.6.10"
      }
    },
    "@tonaljs/chord": {
      "version": "4.6.10",
      "resolved": "https://registry.npmjs.org/@tonaljs/chord/-/chord-4.6.10.tgz",
      "integrity": "sha512-Ryov9MmFzLcqLpyytV+6d18Mrd9LCUPYh6usvVH0ivkhctRb/UlwTFTwo5tN5IgQrLUphbAmhGx7vSS7z3Lw+Q==",
      "requires": {
        "@tonaljs/chord-detect": "^4.6.10",
        "@tonaljs/chord-type": "^4.6.10",
        "@tonaljs/collection": "^4.6.10",
        "@tonaljs/core": "^4.6.10",
        "@tonaljs/pcset": "^4.6.10",
        "@tonaljs/scale-type": "^4.6.10"
      }
    },
    "@tonaljs/chord-detect": {
      "version": "4.6.10",
      "resolved": "https://registry.npmjs.org/@tonaljs/chord-detect/-/chord-detect-4.6.10.tgz",
      "integrity": "sha512-uspUZ0oMEJbMIUEitIpGv/8ZguiMwVsdpcRMIbqXEOTYP1Ve/7U9IdS3gD1xwkdZRnRU/e+vezmAbzEpFs3pYA==",
      "requires": {
        "@tonaljs/chord-type": "^4.6.10",
        "@tonaljs/core": "^4.6.10",
        "@tonaljs/pcset": "^4.6.10"
      }
    },
    "@tonaljs/chord-type": {
      "version": "4.6.10",
      "resolved": "https://registry.npmjs.org/@tonaljs/chord-type/-/chord-type-4.6.10.tgz",
      "integrity": "sha512-WOs+YOF120WATg8KdJ6tol5B72TuYL9nAQ2IKCjzZro8p/urRZ3QBdAPcTlbALVdHEU5ec4ptrq57q8X/YBQgw==",
      "requires": {
        "@tonaljs/core": "^4.6.10",
        "@tonaljs/pcset": "^4.6.10"
      }
    },
    "@tonaljs/collection": {
      "version": "4.6.10",
      "resolved": "https://registry.npmjs.org/@tonaljs/collection/-/collection-4.6.10.tgz",
      "integrity": "sha512-i19j92RjyuTnC6FSYo4TF7JJQjhZ0KJSvEmwxwKOxgw8/+DNiwMf301zGzBJKUYoEc8vNsk3vCEHmxAh4qEPnQ=="
    },
    "@tonaljs/core": {
      "version": "4.6.10",
      "resolved": "https://registry.npmjs.org/@tonaljs/core/-/core-4.6.10.tgz",
      "integrity": "sha512-PV8VXflQM1isS1517VvRUbxEbJoQ5ZLSS5pQLX4L+ffSzXaRBEBLaJgEa/lUyzEYrwiIjVFp4vpaMYWdxY+27Q=="
    },
    "@tonaljs/duration-value": {
      "version": "4.6.10",
      "resolved": "https://registry.npmjs.org/@tonaljs/duration-value/-/duration-value-4.6.10.tgz",
      "integrity": "sha512-GjapTxTJoBYRkUtx1M43+HGsSO3FirNyZQzqKSohtSPfyleZz7OyyiK6eaV5c1eEyGXGdfokKEd2bXhjt3j/KQ=="
    },
    "@tonaljs/interval": {
      "version": "4.6.10",
      "resolved": "https://registry.npmjs.org/@tonaljs/interval/-/interval-4.6.10.tgz",
      "integrity": "sha512-QZfebbgdNHxjeL5BzzMqDVTYT2gDRWv9VySlaaRNTOv9PbI4RBxjsLJiwr3o97u5ind4QYyjkDdz4Ur0XyO0eQ==",
      "requires": {
        "@tonaljs/core": "^4.6.10"
      }
    },
    "@tonaljs/key": {
      "version": "4.6.10",
      "resolved": "https://registry.npmjs.org/@tonaljs/key/-/key-4.6.10.tgz",
      "integrity": "sha512-M1iFdu1dyvzqOEbqACp23TKyaT44G+84VnHBzhsLBe06vGTeoOFg0/+RUFoQCSnkHkv/KI3CjEkkbTzdP8q3DQ==",
      "requires": {
        "@tonaljs/core": "^4.6.10",
        "@tonaljs/note": "^4.6.10",
        "@tonaljs/roman-numeral": "^4.6.10"
      }
    },
    "@tonaljs/midi": {
      "version": "4.6.10",
      "resolved": "https://registry.npmjs.org/@tonaljs/midi/-/midi-4.6.10.tgz",
      "integrity": "sha512-qTlQebVYqq5jGMNVU75+ZA0TNxZ1t9fvLXHuQAASyBFVSQNYi+FOs63pEBFSonpmmHNdTzIcCwoLRpUKhHaKXw==",
      "requires": {
        "@tonaljs/core": "^4.6.10"
      }
    },
    "@tonaljs/mode": {
      "version": "4.6.10",
      "resolved": "https://registry.npmjs.org/@tonaljs/mode/-/mode-4.6.10.tgz",
      "integrity": "sha512-6gaOdg3DFQ9+tdMa+N5QG2y6FdGv0tZEekkV70lj3FvgRrCHvCh+BQ5/HGv57Bo6i4SGmlYbgBK4lKcda2rZsA==",
      "requires": {
        "@tonaljs/collection": "^4.6.10",
        "@tonaljs/core": "^4.6.10",
        "@tonaljs/interval": "^4.6.10",
        "@tonaljs/pcset": "^4.6.10",
        "@tonaljs/scale-type": "^4.6.10"
      }
    },
    "@tonaljs/note": {
      "version": "4.6.10",
      "resolved": "https://registry.npmjs.org/@tonaljs/note/-/note-4.6.10.tgz",
      "integrity": "sha512-1cOxpGAYQwsZlONFj86BP75NWJuXvgKANwf9am7tN8DnbIvXaRQfkoOorD9b14CgO2pfQUZBp7f5pMnByy/9SA==",
      "requires": {
        "@tonaljs/core": "^4.6.10",
        "@tonaljs/midi": "^4.6.10"
      }
    },
    "@tonaljs/pcset": {
      "version": "4.6.10",
      "resolved": "https://registry.npmjs.org/@tonaljs/pcset/-/pcset-4.6.10.tgz",
      "integrity": "sha512-9RkA/6iEo5+C4nof8Z6hC6flqOLPRDiFZ0+X6YL3ug5kFPTX1QXVSmAwFtaUSRzaKbGUKofS0BncK6mbnqzDdA==",
      "requires": {
        "@tonaljs/collection": "^4.6.10",
        "@tonaljs/core": "^4.6.10"
      }
    },
    "@tonaljs/progression": {
      "version": "4.6.10",
      "resolved": "https://registry.npmjs.org/@tonaljs/progression/-/progression-4.6.10.tgz",
      "integrity": "sha512-W8ws0I1ETPNm7djI4V1vy9E3yFRvhRxBDPuXK8C5+TsMWPtwfY03owzT4yc4rPj4eBuVQRqiA614DEn46bQG4Q==",
      "requires": {
        "@tonaljs/chord": "^4.6.10",
        "@tonaljs/core": "^4.6.10",
        "@tonaljs/roman-numeral": "^4.6.10"
      }
    },
    "@tonaljs/range": {
      "version": "4.6.10",
      "resolved": "https://registry.npmjs.org/@tonaljs/range/-/range-4.6.10.tgz",
      "integrity": "sha512-I3KO/RaGv+s4zC/i4SVwmWYWZUzaOOgiWXzPJtmJDqCiDTsYSUzBn52cWXBL02/83vhBihc4pgHMHkOc8/SwmA==",
      "requires": {
        "@tonaljs/collection": "^4.6.10",
        "@tonaljs/midi": "^4.6.10"
      }
    },
    "@tonaljs/roman-numeral": {
      "version": "4.6.10",
      "resolved": "https://registry.npmjs.org/@tonaljs/roman-numeral/-/roman-numeral-4.6.10.tgz",
      "integrity": "sha512-EASBrYCAw9HTsC69SVxSNqLShzdl2rincQHO3N46GsKB2/Wa8h5Ya5ToqOSkpJyqcr7UJAB5VyMFxEcdsD3rLQ==",
      "requires": {
        "@tonaljs/core": "^4.6.10"
      }
    },
    "@tonaljs/scale": {
      "version": "4.6.10",
      "resolved": "https://registry.npmjs.org/@tonaljs/scale/-/scale-4.6.10.tgz",
      "integrity": "sha512-s/iHRBSFBa1fSWfnBy9uWaX94o1Y0SdAmEV4nWmjyvIT7J7I3TfQQHFJLq/Bz1mUR7T5faB1MqeGd299xd0Sfw==",
      "requires": {
        "@tonaljs/chord-type": "^4.6.10",
        "@tonaljs/collection": "^4.6.10",
        "@tonaljs/core": "^4.6.10",
        "@tonaljs/note": "^4.6.10",
        "@tonaljs/pcset": "^4.6.10",
        "@tonaljs/scale-type": "^4.6.10"
      }
    },
    "@tonaljs/scale-type": {
      "version": "4.6.10",
      "resolved": "https://registry.npmjs.org/@tonaljs/scale-type/-/scale-type-4.6.10.tgz",
      "integrity": "sha512-MBxY4Ix8pUZ46tAn2A7yM2k0Kw/zNlNNKw49ViETZx1HEH2SAN5h2/NuIGfgoR9kdoa9FjTw899oQu6qImfIoA==",
      "requires": {
        "@tonaljs/core": "^4.6.10",
        "@tonaljs/pcset": "^4.6.10"
      }
    },
    "@tonaljs/time-signature": {
      "version": "4.6.10",
      "resolved": "https://registry.npmjs.org/@tonaljs/time-signature/-/time-signature-4.6.10.tgz",
      "integrity": "sha512-QDfoW5jKZzGetuM46QfLHXchVSy2SVkrYf46V++yPSY4Af+l5Q/yX24B5B/g9qO3q2ocPlKGMK7wa6aGGGT9yA=="
    },
    "automation-events": {
      "version": "4.0.24",
      "resolved": "https://registry.npmjs.org/automation-events/-/automation-events-4.0.24.tgz",
      "integrity": "sha512-v/c//VCE1TGU3R56cyTFnebXFR3NOOx5Kiuaz7TXwLGpYMp9VgKCwelODRW3ZZ5TP2OFymfrWsvNVuPSi6vVPQ==",
      "requires": {
        "@babel/runtime": "^7.20.1",
        "tslib": "^2.4.1"
      }
    },
    "camel-case": {
      "version": "4.1.2",
      "resolved": "https://registry.npmjs.org/camel-case/-/camel-case-4.1.2.tgz",
      "integrity": "sha512-gxGWBrTT1JuMx6R+o5PTXMmUnhnVzLQ9SNutD4YqKtI6ap897t3tKECYla6gCWEkplXnlNybEkZg9GEGxKFCgw==",
      "requires": {
        "pascal-case": "^3.1.2",
        "tslib": "^2.0.3"
      }
    },
    "capital-case": {
      "version": "1.0.4",
      "resolved": "https://registry.npmjs.org/capital-case/-/capital-case-1.0.4.tgz",
      "integrity": "sha512-ds37W8CytHgwnhGGTi88pcPyR15qoNkOpYwmMMfnWqqWgESapLqvDx6huFjQ5vqWSn2Z06173XNA7LtMOeUh1A==",
      "requires": {
        "no-case": "^3.0.4",
        "tslib": "^2.0.3",
        "upper-case-first": "^2.0.2"
      }
    },
    "change-case": {
      "version": "4.1.2",
      "resolved": "https://registry.npmjs.org/change-case/-/change-case-4.1.2.tgz",
      "integrity": "sha512-bSxY2ws9OtviILG1EiY5K7NNxkqg/JnRnFxLtKQ96JaviiIxi7djMrSd0ECT9AC+lttClmYwKw53BWpOMblo7A==",
      "requires": {
        "camel-case": "^4.1.2",
        "capital-case": "^1.0.4",
        "constant-case": "^3.0.4",
        "dot-case": "^3.0.4",
        "header-case": "^2.0.4",
        "no-case": "^3.0.4",
        "param-case": "^3.0.4",
        "pascal-case": "^3.1.2",
        "path-case": "^3.0.4",
        "sentence-case": "^3.0.4",
        "snake-case": "^3.0.4",
        "tslib": "^2.0.3"
      }
    },
    "constant-case": {
      "version": "3.0.4",
      "resolved": "https://registry.npmjs.org/constant-case/-/constant-case-3.0.4.tgz",
      "integrity": "sha512-I2hSBi7Vvs7BEuJDr5dDHfzb/Ruj3FyvFyh7KLilAjNQw3Be+xgqUBA2W6scVEcL0hL1dwPRtIqEPVUCKkSsyQ==",
      "requires": {
        "no-case": "^3.0.4",
        "tslib": "^2.0.3",
        "upper-case": "^2.0.2"
      }
    },
    "d3-selection": {
      "version": "1.4.2",
      "resolved": "https://registry.npmjs.org/d3-selection/-/d3-selection-1.4.2.tgz",
      "integrity": "sha512-SJ0BqYihzOjDnnlfyeHT0e30k0K1+5sR3d5fNueCNeuhZTnGw4M4o8mqJchSwgKMXCNFo+e2VTChiSJ0vYtXkg=="
    },
    "dot-case": {
      "version": "3.0.4",
      "resolved": "https://registry.npmjs.org/dot-case/-/dot-case-3.0.4.tgz",
      "integrity": "sha512-Kv5nKlh6yRrdrGvxeJ2e5y2eRUpkUosIW4A2AS38zwSz27zu7ufDwQPi5Jhs3XAlGNetl3bmnGhQsMtkKJnj3w==",
      "requires": {
        "no-case": "^3.0.4",
        "tslib": "^2.0.3"
      }
    },
    "header-case": {
      "version": "2.0.4",
      "resolved": "https://registry.npmjs.org/header-case/-/header-case-2.0.4.tgz",
      "integrity": "sha512-H/vuk5TEEVZwrR0lp2zed9OCo1uAILMlx0JEMgC26rzyJJ3N1v6XkwHHXJQdR2doSjcGPM6OKPYoJgf0plJ11Q==",
      "requires": {
        "capital-case": "^1.0.4",
        "tslib": "^2.0.3"
      }
    },
    "lower-case": {
      "version": "2.0.2",
      "resolved": "https://registry.npmjs.org/lower-case/-/lower-case-2.0.2.tgz",
      "integrity": "sha512-7fm3l3NAF9WfN6W3JOmf5drwpVqX78JtoGJ3A6W0a6ZnldM41w2fV5D490psKFTpMds8TJse/eHLFFsNHHjHgg==",
      "requires": {
        "tslib": "^2.0.3"
      }
    },
    "no-case": {
      "version": "3.0.4",
      "resolved": "https://registry.npmjs.org/no-case/-/no-case-3.0.4.tgz",
      "integrity": "sha512-fgAN3jGAh+RoxUGZHTSOLJIqUc2wmoBwGR4tbpNAKmmovFoWq0OdRkb0VkldReO2a2iBT/OEulG9XSUc10r3zg==",
      "requires": {
        "lower-case": "^2.0.2",
        "tslib": "^2.0.3"
      }
    },
    "param-case": {
      "version": "3.0.4",
      "resolved": "https://registry.npmjs.org/param-case/-/param-case-3.0.4.tgz",
      "integrity": "sha512-RXlj7zCYokReqWpOPH9oYivUzLYZ5vAPIfEmCTNViosC78F8F0H9y7T7gG2M39ymgutxF5gcFEsyZQSph9Bp3A==",
      "requires": {
        "dot-case": "^3.0.4",
        "tslib": "^2.0.3"
      }
    },
    "pascal-case": {
      "version": "3.1.2",
      "resolved": "https://registry.npmjs.org/pascal-case/-/pascal-case-3.1.2.tgz",
      "integrity": "sha512-uWlGT3YSnK9x3BQJaOdcZwrnV6hPpd8jFH1/ucpiLRPh/2zCVJKS19E4GvYHvaCcACn3foXZ0cLB9Wrx1KGe5g==",
      "requires": {
        "no-case": "^3.0.4",
        "tslib": "^2.0.3"
      }
    },
    "path-case": {
      "version": "3.0.4",
      "resolved": "https://registry.npmjs.org/path-case/-/path-case-3.0.4.tgz",
      "integrity": "sha512-qO4qCFjXqVTrcbPt/hQfhTQ+VhFsqNKOPtytgNKkKxSoEp3XPUQ8ObFuePylOIok5gjn69ry8XiULxCwot3Wfg==",
      "requires": {
        "dot-case": "^3.0.4",
        "tslib": "^2.0.3"
      }
    },
    "regenerator-runtime": {
      "version": "0.13.11",
      "resolved": "https://registry.npmjs.org/regenerator-runtime/-/regenerator-runtime-0.13.11.tgz",
      "integrity": "sha512-kY1AZVr2Ra+t+piVaJ4gxaFaReZVH40AKNo7UCX6W+dEwBo/2oZJzqfuN1qLq1oL45o56cPaTXELwrTh8Fpggg=="
    },
    "sentence-case": {
      "version": "3.0.4",
      "resolved": "https://registry.npmjs.org/sentence-case/-/sentence-case-3.0.4.tgz",
      "integrity": "sha512-8LS0JInaQMCRoQ7YUytAo/xUu5W2XnQxV2HI/6uM6U7CITS1RqPElr30V6uIqyMKM9lJGRVFy5/4CuzcixNYSg==",
      "requires": {
        "no-case": "^3.0.4",
        "tslib": "^2.0.3",
        "upper-case-first": "^2.0.2"
      }
    },
    "snake-case": {
      "version": "3.0.4",
      "resolved": "https://registry.npmjs.org/snake-case/-/snake-case-3.0.4.tgz",
      "integrity": "sha512-LAOh4z89bGQvl9pFfNF8V146i7o7/CqFPbqzYgP+yYzDIDeS9HaNFtXABamRW+AQzEVODcvE79ljJ+8a9YSdMg==",
      "requires": {
        "dot-case": "^3.0.4",
        "tslib": "^2.0.3"
      }
    },
    "standardized-audio-context": {
      "version": "25.3.35",
      "resolved": "https://registry.npmjs.org/standardized-audio-context/-/standardized-audio-context-25.3.35.tgz",
      "integrity": "sha512-61KBkor9fOsMEl3NZllnis8KDmTJzonuuW8h6JBmxXXcUDucypGCJp+hlbyKG+olav8wgA+VKlqFmiJEbh4CfA==",
      "requires": {
        "@babel/runtime": "^7.20.1",
        "automation-events": "^4.0.24",
        "tslib": "^2.4.1"
      }
    },
    "throttle-debounce": {
      "version": "2.3.0",
      "resolved": "https://registry.npmjs.org/throttle-debounce/-/throttle-debounce-2.3.0.tgz",
      "integrity": "sha512-H7oLPV0P7+jgvrk+6mwwwBDmxTaxnu9HMXmloNLXwnNO0ZxZ31Orah2n8lU1eMPvsaowP2CX+USCgyovXfdOFQ=="
    },
    "tonal": {
      "version": "4.6.10",
      "resolved": "https://registry.npmjs.org/tonal/-/tonal-4.6.10.tgz",
      "integrity": "sha512-gJvd8h5Av4bE/KYkEedjKzvmuiU/wJJUJ1O4x+0vi2ttAFsLyC6RCNR07XMFuETJudAxoCwXTsdFsN1L9uv8oQ==",
      "requires": {
        "@tonaljs/abc-notation": "^4.6.10",
        "@tonaljs/array": "^4.6.10",
        "@tonaljs/chord": "^4.6.10",
        "@tonaljs/chord-type": "^4.6.10",
        "@tonaljs/collection": "^4.6.10",
        "@tonaljs/core": "^4.6.10",
        "@tonaljs/duration-value": "^4.6.10",
        "@tonaljs/interval": "^4.6.10",
        "@tonaljs/key": "^4.6.10",
        "@tonaljs/midi": "^4.6.10",
        "@tonaljs/mode": "^4.6.10",
        "@tonaljs/note": "^4.6.10",
        "@tonaljs/pcset": "^4.6.10",
        "@tonaljs/progression": "^4.6.10",
        "@tonaljs/range": "^4.6.10",
        "@tonaljs/roman-numeral": "^4.6.10",
        "@tonaljs/scale": "^4.6.10",
        "@tonaljs/scale-type": "^4.6.10",
        "@tonaljs/time-signature": "^4.6.10"
      }
    },
    "tone": {
      "version": "14.7.77",
      "resolved": "https://registry.npmjs.org/tone/-/tone-14.7.77.tgz",
      "integrity": "sha512-tCfK73IkLHyzoKUvGq47gyDyxiKLFvKiVCOobynGgBB9Dl0NkxTM2p+eRJXyCYrjJwy9Y0XCMqD3uOYsYt2Fdg==",
      "requires": {
        "standardized-audio-context": "^25.1.8",
        "tslib": "^2.0.1"
      }
    },
    "tslib": {
      "version": "2.4.1",
      "resolved": "https://registry.npmjs.org/tslib/-/tslib-2.4.1.tgz",
      "integrity": "sha512-tGyy4dAjRIEwI7BzsB0lynWgOpfqjUdq91XXAlIWD2OwKBH7oCl/GZG/HT4BOHrTlPMOASlMQ7veyTqpmRcrNA=="
    },
    "upper-case": {
      "version": "2.0.2",
      "resolved": "https://registry.npmjs.org/upper-case/-/upper-case-2.0.2.tgz",
      "integrity": "sha512-KgdgDGJt2TpuwBUIjgG6lzw2GWFRCW9Qkfkiv0DxqHHLYJHmtmdUIKcZd8rHgFSjopVTlw6ggzCm1b8MFQwikg==",
      "requires": {
        "tslib": "^2.0.3"
      }
    },
    "upper-case-first": {
      "version": "2.0.2",
      "resolved": "https://registry.npmjs.org/upper-case-first/-/upper-case-first-2.0.2.tgz",
      "integrity": "sha512-514ppYHBaKwfJRK/pNC6c/OxfGa0obSnAl106u97Ed0I625Nin96KAjttZF6ZL3e1XLtphxnqrOi9iWgm+u+bg==",
      "requires": {
        "tslib": "^2.0.3"
      }
    },
    "vexflow": {
      "version": "4.0.3",
      "resolved": "https://registry.npmjs.org/vexflow/-/vexflow-4.0.3.tgz",
      "integrity": "sha512-0gucH04apVISxY86gnjKwzV8IMr7ndYsBmYCOPioCr0m38NfS4rQt7yrGQQtl1jB7JAiaOCjN0lKMUflFeMIXA=="
    }
  }
}
